
Microsoft Visual Studio Solution File, Format Version 12.00
# Visual Studio Version 17
VisualStudioVersion = 17.0.31903.59
MinimumVisualStudioVersion = 10.0.40219.1
Project("{2150E333-8FDC-42A3-9474-1A3956D46DE8}") = "Backend", "Backend", "{CFA2F115-EFF1-44B3-B373-2004404CEAE3}"
EndProject
Project("{2150E333-8FDC-42A3-9474-1A3956D46DE8}") = "API", "API", "{39C5B2D4-208D-4510-93D0-576C2ACE3B2E}"
EndProject
Project("{FAE04EC0-301F-11D3-BF4B-00C04F79EFBC}") = "Calendar.Api", "Backend\API\Calendar.Api\Calendar.Api.csproj", "{E4D3664A-5B5C-48FB-84EF-A1DA3C6D76DF}"
EndProject
Global
	GlobalSection(SolutionConfigurationPlatforms) = preSolution
		Debug|Any CPU = Debug|Any CPU
		Release|Any CPU = Release|Any CPU
	EndGlobalSection
	GlobalSection(SolutionProperties) = preSolution
		HideSolutionNode = FALSE
	EndGlobalSection
	GlobalSection(ProjectConfigurationPlatforms) = postSolution
		{E4D3664A-5B5C-48FB-84EF-A1DA3C6D76DF}.Debug|Any CPU.ActiveCfg = Debug|Any CPU
		{E4D3664A-5B5C-48FB-84EF-A1DA3C6D76DF}.Debug|Any CPU.Build.0 = Debug|Any CPU
		{E4D3664A-5B5C-48FB-84EF-A1DA3C6D76DF}.Release|Any CPU.ActiveCfg = Release|Any CPU
		{E4D3664A-5B5C-48FB-84EF-A1DA3C6D76DF}.Release|Any CPU.Build.0 = Release|Any CPU
	EndGlobalSection
	GlobalSection(NestedProjects) = preSolution
		{39C5B2D4-208D-4510-93D0-576C2ACE3B2E} = {CFA2F115-EFF1-44B3-B373-2004404CEAE3}
		{E4D3664A-5B5C-48FB-84EF-A1DA3C6D76DF} = {39C5B2D4-208D-4510-93D0-576C2ACE3B2E}
	EndGlobalSection
EndGlobal
